<Solution>
  <Configurations>
    <Platform Name="Any CPU" />
    <Platform Name="x64" />
    <Platform Name="x86" />
  </Configurations>
  <Folder Name="/Files/">
    <File Path=".editorconfig" />
    <File Path=".github/workflows/build.yml" />
    <File Path=".github/workflows/pr.yml" />
    <File Path=".github/workflows/publish.yml" />
    <File Path="Common.props" />
    <File Path="CREDITS.md" />
    <File Path="Directory.Build.props" />
    <File Path="Directory.Packages.props" />
    <File Path="NuGet.config" />
    <File Path="README.md" />
    <File Path="Versions.props" />
  </Folder>
  <Project Path="Fluid.Benchmarks/Fluid.Benchmarks.csproj" />
  <Project Path="Fluid.Core.Tool/Fluid.Core.Tool.csproj" />
  <Project Path="Fluid.MinimalApisSample/Fluid.MinimalApisSample.csproj" />
  <Project Path="Fluid.MvcSample/Fluid.MvcSample.csproj" />
  <Project Path="Fluid.MvcViewEngine/Fluid.MvcViewEngine.csproj" />
  <Project Path="Fluid.SourceGenerator/Fluid.SourceGenerator.csproj" />
  <Project Path="Fluid.Tests/Fluid.Tests.csproj" />
  <Project Path="Fluid.ViewEngine/Fluid.ViewEngine.csproj" />
  <Project Path="Fluid/Fluid.csproj" />
  <Project Path="MinimalApis.LiquidViews/MinimalApis.LiquidViews.csproj" />
</Solution>
