
Microsoft Visual Studio Solution File, Format Version 12.00
# Visual Studio Version 16
VisualStudioVersion = 16.0.28606.126
MinimumVisualStudioVersion = 10.0.40219.1
Project("{9A19103F-16F7-4668-BE54-9A1E7A4F7556}") = "Fluid", "Fluid\Fluid.csproj", "{8CD687F1-AC65-4E4A-A510-67768999C81C}"
EndProject
Project("{9A19103F-16F7-4668-BE54-9A1E7A4F7556}") = "Fluid.Tests", "Fluid.Tests\Fluid.Tests.csproj", "{7D7A6C02-6864-47CB-863E-13F9F0042A28}"
EndProject
Project("{9A19103F-16F7-4668-BE54-9A1E7A4F7556}") = "Fluid.Benchmarks", "Fluid.Benchmarks\Fluid.Benchmarks.csproj", "{709AF319-CBB1-42F0-A9CD-90441F2BD0DD}"
EndProject
Project("{9A19103F-16F7-4668-BE54-9A1E7A4F7556}") = "Fluid.MvcSample", "Fluid.MvcSample\Fluid.MvcSample.csproj", "{5CBA5602-0579-41E8-BE69-F2FFFD95DE70}"
EndProject
Project("{9A19103F-16F7-4668-BE54-9A1E7A4F7556}") = "Fluid.MvcViewEngine", "Fluid.MvcViewEngine\Fluid.MvcViewEngine.csproj", "{8387DE36-8B53-4437-B16F-40C6FD525A1D}"
EndProject
Project("{2150E333-8FDC-42A3-9474-1A3956D46DE8}") = "Files", "Files", "{BE5EF08E-5F79-4BBA-BA72-F4E26E281125}"
	ProjectSection(SolutionItems) = preProject
		appveyor.yml = appveyor.yml
		Common.props = Common.props
		CREDITS.md = CREDITS.md
		NuGet.config = NuGet.config
		README.md = README.md
	EndProjectSection
EndProject
Project("{9A19103F-16F7-4668-BE54-9A1E7A4F7556}") = "Parlot", "..\parlot\src\Parlot\Parlot.csproj", "{2C161196-1AA0-4889-B438-FBB68DABA452}"
EndProject
Project("{9A19103F-16F7-4668-BE54-9A1E7A4F7556}") = "Parlot.Tests", "..\parlot\test\Parlot.Tests\Parlot.Tests.csproj", "{25450F6D-5C48-4390-A89E-9AFB2E7AA1C8}"
EndProject
Global
	GlobalSection(SolutionConfigurationPlatforms) = preSolution
		Debug|Any CPU = Debug|Any CPU
		Release|Any CPU = Release|Any CPU
	EndGlobalSection
	GlobalSection(ProjectConfigurationPlatforms) = postSolution
		{8CD687F1-AC65-4E4A-A510-67768999C81C}.Debug|Any CPU.ActiveCfg = Debug|Any CPU
		{8CD687F1-AC65-4E4A-A510-67768999C81C}.Debug|Any CPU.Build.0 = Debug|Any CPU
		{8CD687F1-AC65-4E4A-A510-67768999C81C}.Release|Any CPU.ActiveCfg = Release|Any CPU
		{8CD687F1-AC65-4E4A-A510-67768999C81C}.Release|Any CPU.Build.0 = Release|Any CPU
		{7D7A6C02-6864-47CB-863E-13F9F0042A28}.Debug|Any CPU.ActiveCfg = Debug|Any CPU
		{7D7A6C02-6864-47CB-863E-13F9F0042A28}.Debug|Any CPU.Build.0 = Debug|Any CPU
		{7D7A6C02-6864-47CB-863E-13F9F0042A28}.Release|Any CPU.ActiveCfg = Release|Any CPU
		{7D7A6C02-6864-47CB-863E-13F9F0042A28}.Release|Any CPU.Build.0 = Release|Any CPU
		{709AF319-CBB1-42F0-A9CD-90441F2BD0DD}.Debug|Any CPU.ActiveCfg = Debug|Any CPU
		{709AF319-CBB1-42F0-A9CD-90441F2BD0DD}.Debug|Any CPU.Build.0 = Debug|Any CPU
		{709AF319-CBB1-42F0-A9CD-90441F2BD0DD}.Release|Any CPU.ActiveCfg = Release|Any CPU
		{709AF319-CBB1-42F0-A9CD-90441F2BD0DD}.Release|Any CPU.Build.0 = Release|Any CPU
		{5CBA5602-0579-41E8-BE69-F2FFFD95DE70}.Debug|Any CPU.ActiveCfg = Debug|Any CPU
		{5CBA5602-0579-41E8-BE69-F2FFFD95DE70}.Debug|Any CPU.Build.0 = Debug|Any CPU
		{5CBA5602-0579-41E8-BE69-F2FFFD95DE70}.Release|Any CPU.ActiveCfg = Release|Any CPU
		{5CBA5602-0579-41E8-BE69-F2FFFD95DE70}.Release|Any CPU.Build.0 = Release|Any CPU
		{8387DE36-8B53-4437-B16F-40C6FD525A1D}.Debug|Any CPU.ActiveCfg = Debug|Any CPU
		{8387DE36-8B53-4437-B16F-40C6FD525A1D}.Debug|Any CPU.Build.0 = Debug|Any CPU
		{8387DE36-8B53-4437-B16F-40C6FD525A1D}.Release|Any CPU.ActiveCfg = Release|Any CPU
		{8387DE36-8B53-4437-B16F-40C6FD525A1D}.Release|Any CPU.Build.0 = Release|Any CPU
		{2C161196-1AA0-4889-B438-FBB68DABA452}.Debug|Any CPU.ActiveCfg = Debug|Any CPU
		{2C161196-1AA0-4889-B438-FBB68DABA452}.Debug|Any CPU.Build.0 = Debug|Any CPU
		{2C161196-1AA0-4889-B438-FBB68DABA452}.Release|Any CPU.ActiveCfg = Release|Any CPU
		{2C161196-1AA0-4889-B438-FBB68DABA452}.Release|Any CPU.Build.0 = Release|Any CPU
		{25450F6D-5C48-4390-A89E-9AFB2E7AA1C8}.Debug|Any CPU.ActiveCfg = Debug|Any CPU
		{25450F6D-5C48-4390-A89E-9AFB2E7AA1C8}.Debug|Any CPU.Build.0 = Debug|Any CPU
		{25450F6D-5C48-4390-A89E-9AFB2E7AA1C8}.Release|Any CPU.ActiveCfg = Release|Any CPU
		{25450F6D-5C48-4390-A89E-9AFB2E7AA1C8}.Release|Any CPU.Build.0 = Release|Any CPU
	EndGlobalSection
	GlobalSection(SolutionProperties) = preSolution
		HideSolutionNode = FALSE
	EndGlobalSection
	GlobalSection(ExtensibilityGlobals) = postSolution
		SolutionGuid = {D2E67D40-987E-4A7A-96AB-D1018E0FCBC7}
	EndGlobalSection
EndGlobal
